{
	"name": "@aomao/plugin-tag",
	"version": "1.0.0",
	"lockfileVersion": 1,
	"requires": true,
	"dependencies": {
		"@ant-design/colors": {
			"version": "6.0.0",
			"resolved": "http://bnpm.byted.org/@ant-design/colors/-/colors-6.0.0.tgz",
			"integrity": "sha512-qAZRvPzfdWHtfameEGP2Qvuf838NhergR35o+EuVyB5XvSA98xod5r4utvi4TJ3ywmevm290g9nsCG5MryrdWQ==",
			"dev": true,
			"requires": {
				"@ctrl/tinycolor": "^3.4.0"
			}
		},
		"@ant-design/icons": {
			"version": "4.7.0",
			"resolved": "http://bnpm.byted.org/@ant-design/icons/-/icons-4.7.0.tgz",
			"integrity": "sha512-aoB4Z7JA431rt6d4u+8xcNPPCrdufSRMUOpxa1ab6mz1JCQZOEVolj2WVs/tDFmN62zzK30mNelEsprLYsSF3g==",
			"dev": true,
			"requires": {
				"@ant-design/colors": "^6.0.0",
				"@ant-design/icons-svg": "^4.2.1",
				"@babel/runtime": "^7.11.2",
				"classnames": "^2.2.6",
				"rc-util": "^5.9.4"
			}
		},
		"@ant-design/icons-svg": {
			"version": "4.2.1",
			"resolved": "http://bnpm.byted.org/@ant-design/icons-svg/-/icons-svg-4.2.1.tgz",
			"integrity": "sha512-EB0iwlKDGpG93hW8f85CTJTs4SvMX7tt5ceupvhALp1IF44SeUFOMhKUOYqpsoYWQKAOuTRDMqn75rEaKDp0Xw==",
			"dev": true
		},
		"@ant-design/react-slick": {
			"version": "0.29.2",
			"resolved": "http://bnpm.byted.org/@ant-design/react-slick/-/react-slick-0.29.2.tgz",
			"integrity": "sha512-kgjtKmkGHa19FW21lHnAfyyH9AAoh35pBdcJ53rHmQ3O+cfFHGHnUbj/HFrRNJ5vIts09FKJVAD8RpaC+RaWfA==",
			"dev": true,
			"requires": {
				"@babel/runtime": "^7.10.4",
				"classnames": "^2.2.5",
				"json2mq": "^0.2.0",
				"lodash": "^4.17.21",
				"resize-observer-polyfill": "^1.5.1"
			}
		},
		"@babel/runtime": {
			"version": "7.19.0",
			"resolved": "http://bnpm.byted.org/@babel/runtime/-/runtime-7.19.0.tgz",
			"integrity": "sha512-eR8Lo9hnDS7tqkO7NsV+mKvCmv5boaXFSZ70DnfhcgiEne8hv9oCEd36Klw74EtizEqLsy4YnW8UWwpBVolHZA==",
			"requires": {
				"regenerator-runtime": "^0.13.4"
			}
		},
		"@ctrl/tinycolor": {
			"version": "3.4.1",
			"resolved": "http://bnpm.byted.org/@ctrl/tinycolor/-/tinycolor-3.4.1.tgz",
			"integrity": "sha512-ej5oVy6lykXsvieQtqZxCOaLT+xD4+QNarq78cIYISHmZXshCvROLudpQN3lfL8G0NL7plMSSK+zlyvCaIJ4Iw==",
			"dev": true
		},
		"antd": {
			"version": "4.23.0",
			"resolved": "http://bnpm.byted.org/antd/-/antd-4.23.0.tgz",
			"integrity": "sha512-a0voELfS5lDy6NCcDNbDUMv2OZ+IfeX/kYxaRnRJj0/R4tPJWAqs0bqFVpdk5y8JsPl6B396bTVzKZo49e+uvA==",
			"dev": true,
			"requires": {
				"@ant-design/colors": "^6.0.0",
				"@ant-design/icons": "^4.7.0",
				"@ant-design/react-slick": "~0.29.1",
				"@babel/runtime": "^7.18.3",
				"@ctrl/tinycolor": "^3.4.0",
				"classnames": "^2.2.6",
				"copy-to-clipboard": "^3.2.0",
				"lodash": "^4.17.21",
				"memoize-one": "^6.0.0",
				"moment": "^2.29.2",
				"rc-cascader": "~3.6.0",
				"rc-checkbox": "~2.3.0",
				"rc-collapse": "~3.3.0",
				"rc-dialog": "~8.9.0",
				"rc-drawer": "~5.1.0",
				"rc-dropdown": "~4.0.0",
				"rc-field-form": "~1.27.0",
				"rc-image": "~5.7.0",
				"rc-input": "~0.1.2",
				"rc-input-number": "~7.3.5",
				"rc-mentions": "~1.9.1",
				"rc-menu": "~9.6.3",
				"rc-motion": "^2.6.1",
				"rc-notification": "~4.6.0",
				"rc-pagination": "~3.1.17",
				"rc-picker": "~2.6.10",
				"rc-progress": "~3.3.2",
				"rc-rate": "~2.9.0",
				"rc-resize-observer": "^1.2.0",
				"rc-segmented": "~2.1.0",
				"rc-select": "~14.1.1",
				"rc-slider": "~10.0.0",
				"rc-steps": "~4.1.0",
				"rc-switch": "~3.2.0",
				"rc-table": "~7.26.0",
				"rc-tabs": "~12.1.0-alpha.1",
				"rc-textarea": "~0.3.0",
				"rc-tooltip": "~5.2.0",
				"rc-tree": "~5.6.5",
				"rc-tree-select": "~5.4.0",
				"rc-trigger": "^5.2.10",
				"rc-upload": "~4.3.0",
				"rc-util": "^5.22.5",
				"scroll-into-view-if-needed": "^2.2.25"
			}
		},
		"array-tree-filter": {
			"version": "2.1.0",
			"resolved": "http://bnpm.byted.org/array-tree-filter/-/array-tree-filter-2.1.0.tgz",
			"integrity": "sha512-4ROwICNlNw/Hqa9v+rk5h22KjmzB1JGTMVKP2AKJBOCgb0yL0ASf0+YvCcLNNwquOHNX48jkeZIJ3a+oOQqKcw==",
			"dev": true
		},
		"async-validator": {
			"version": "4.2.5",
			"resolved": "http://bnpm.byted.org/async-validator/-/async-validator-4.2.5.tgz",
			"integrity": "sha512-7HhHjtERjqlNbZtqNqy2rckN/SpOOlmDliet+lP7k+eKZEjPk3DgyeU9lIXLdeLz0uBbbVp+9Qdow9wJWgwwfg==",
			"dev": true
		},
		"classnames": {
			"version": "2.3.1",
			"resolved": "http://bnpm.byted.org/classnames/-/classnames-2.3.1.tgz",
			"integrity": "sha512-OlQdbZ7gLfGarSqxesMesDa5uz7KFbID8Kpq/SxIoNGDqY8lSYs0D+hhtBXhcdB3rcbXArFr7vlHheLk1voeNA==",
			"dev": true
		},
		"compute-scroll-into-view": {
			"version": "1.0.17",
			"resolved": "http://bnpm.byted.org/compute-scroll-into-view/-/compute-scroll-into-view-1.0.17.tgz",
			"integrity": "sha512-j4dx+Fb0URmzbwwMUrhqWM2BEWHdFGx+qZ9qqASHRPqvTYdqvWnHg0H1hIbcyLnvgnoNAVMlwkepyqM3DaIFUg==",
			"dev": true
		},
		"copy-to-clipboard": {
			"version": "3.3.2",
			"resolved": "http://bnpm.byted.org/copy-to-clipboard/-/copy-to-clipboard-3.3.2.tgz",
			"integrity": "sha512-Vme1Z6RUDzrb6xAI7EZlVZ5uvOk2F//GaxKUxajDqm9LhOVM1inxNAD2vy+UZDYsd0uyA9s7b3/FVZPSxqrCfg==",
			"dev": true,
			"requires": {
				"toggle-selection": "^1.0.6"
			}
		},
		"date-fns": {
			"version": "2.29.2",
			"resolved": "http://bnpm.byted.org/date-fns/-/date-fns-2.29.2.tgz",
			"integrity": "sha512-0VNbwmWJDS/G3ySwFSJA3ayhbURMTJLtwM2DTxf9CWondCnh6DTNlO9JgRSq6ibf4eD0lfMJNBxUdEAHHix+bA==",
			"dev": true
		},
		"dayjs": {
			"version": "1.11.5",
			"resolved": "http://bnpm.byted.org/dayjs/-/dayjs-1.11.5.tgz",
			"integrity": "sha512-CAdX5Q3YW3Gclyo5Vpqkgpj8fSdLQcRuzfX6mC6Phy0nfJ0eGYOeS7m4mt2plDWLAtA4TqTakvbboHvUxfe4iA==",
			"dev": true
		},
		"dom-align": {
			"version": "1.12.3",
			"resolved": "http://bnpm.byted.org/dom-align/-/dom-align-1.12.3.tgz",
			"integrity": "sha512-Gj9hZN3a07cbR6zviMUBOMPdWxYhbMI+x+WS0NAIu2zFZmbK8ys9R79g+iG9qLnlCwpFoaB+fKy8Pdv470GsPA==",
			"dev": true
		},
		"js-tokens": {
			"version": "4.0.0",
			"resolved": "http://bnpm.byted.org/js-tokens/-/js-tokens-4.0.0.tgz",
			"integrity": "sha512-RdJUflcE3cUzKiMqQgsCu06FPu9UdIJO0beYbPhHN4k6apgJtifcoCtT9bcxOpYBtpD2kCM6Sbzg4CausW/PKQ==",
			"dev": true
		},
		"json2mq": {
			"version": "0.2.0",
			"resolved": "http://bnpm.byted.org/json2mq/-/json2mq-0.2.0.tgz",
			"integrity": "sha512-SzoRg7ux5DWTII9J2qkrZrqV1gt+rTaoufMxEzXbS26Uid0NwaJd123HcoB80TgubEppxxIGdNxCx50fEoEWQA==",
			"dev": true,
			"requires": {
				"string-convert": "^0.2.0"
			}
		},
		"lodash": {
			"version": "4.17.21",
			"resolved": "http://bnpm.byted.org/lodash/-/lodash-4.17.21.tgz",
			"integrity": "sha512-v2kDEe57lecTulaDIuNTPy3Ry4gLGJ6Z1O3vE1krgXZNrsQ+LFTGHVxVjcXPs17LhbZVGedAJv8XZ1tvj5FvSg=="
		},
		"loose-envify": {
			"version": "1.4.0",
			"resolved": "http://bnpm.byted.org/loose-envify/-/loose-envify-1.4.0.tgz",
			"integrity": "sha512-lyuxPGr/Wfhrlem2CL/UcnUc1zcqKAImBDzukY7Y5F/yQiNdko6+fRLevlw1HgMySw7f611UIY408EtxRSoK3Q==",
			"dev": true,
			"requires": {
				"js-tokens": "^3.0.0 || ^4.0.0"
			}
		},
		"memoize-one": {
			"version": "6.0.0",
			"resolved": "http://bnpm.byted.org/memoize-one/-/memoize-one-6.0.0.tgz",
			"integrity": "sha512-rkpe71W0N0c0Xz6QD0eJETuWAJGnJ9afsl1srmwPrI+yBCkge5EycXXbYRyvL29zZVUWQCY7InPRCv3GDXuZNw==",
			"dev": true
		},
		"moment": {
			"version": "2.29.4",
			"resolved": "http://bnpm.byted.org/moment/-/moment-2.29.4.tgz",
			"integrity": "sha512-5LC9SOxjSc2HF6vO2CyuTDNivEdoz2IvyJJGj6X8DJ0eFyfszE0QiEd+iXmBvUP3WHxSjFH/vIsA0EN00cgr8w==",
			"dev": true
		},
		"object-assign": {
			"version": "4.1.1",
			"resolved": "http://bnpm.byted.org/object-assign/-/object-assign-4.1.1.tgz",
			"integrity": "sha512-rJgTQnkUnH1sFw8yT6VSU3zD3sWmu6sZhIseY8VX+GRu3P6F7Fu+JNDoXfklElbLJSnc3FUQHVe4cU5hj+BcUg==",
			"dev": true
		},
		"rc-align": {
			"version": "4.0.12",
			"resolved": "http://bnpm.byted.org/rc-align/-/rc-align-4.0.12.tgz",
			"integrity": "sha512-3DuwSJp8iC/dgHzwreOQl52soj40LchlfUHtgACOUtwGuoFIOVh6n/sCpfqCU8kO5+iz6qR0YKvjgB8iPdE3aQ==",
			"dev": true,
			"requires": {
				"@babel/runtime": "^7.10.1",
				"classnames": "2.x",
				"dom-align": "^1.7.0",
				"lodash": "^4.17.21",
				"rc-util": "^5.3.0",
				"resize-observer-polyfill": "^1.5.1"
			}
		},
		"rc-cascader": {
			"version": "3.6.2",
			"resolved": "http://bnpm.byted.org/rc-cascader/-/rc-cascader-3.6.2.tgz",
			"integrity": "sha512-sf2otpazlROTzkD3nZVfIzXmfBLiEOBTXA5wxozGXBpS902McDpvF0bdcYBu5hN+rviEAm6Mh9cLXNQ1Ty8wKQ==",
			"dev": true,
			"requires": {
				"@babel/runtime": "^7.12.5",
				"array-tree-filter": "^2.1.0",
				"classnames": "^2.3.1",
				"rc-select": "~14.1.0",
				"rc-tree": "~5.6.3",
				"rc-util": "^5.6.1"
			}
		},
		"rc-checkbox": {
			"version": "2.3.2",
			"resolved": "http://bnpm.byted.org/rc-checkbox/-/rc-checkbox-2.3.2.tgz",
			"integrity": "sha512-afVi1FYiGv1U0JlpNH/UaEXdh6WUJjcWokj/nUN2TgG80bfG+MDdbfHKlLcNNba94mbjy2/SXJ1HDgrOkXGAjg==",
			"dev": true,
			"requires": {
				"@babel/runtime": "^7.10.1",
				"classnames": "^2.2.1"
			}
		},
		"rc-collapse": {
			"version": "3.3.1",
			"resolved": "http://bnpm.byted.org/rc-collapse/-/rc-collapse-3.3.1.tgz",
			"integrity": "sha512-cOJfcSe3R8vocrF8T+PgaHDrgeA1tX+lwfhwSj60NX9QVRidsILIbRNDLD6nAzmcvVC5PWiIRiR4S1OobxdhCg==",
			"dev": true,
			"requires": {
				"@babel/runtime": "^7.10.1",
				"classnames": "2.x",
				"rc-motion": "^2.3.4",
				"rc-util": "^5.2.1",
				"shallowequal": "^1.1.0"
			}
		},
		"rc-dialog": {
			"version": "8.9.0",
			"resolved": "http://bnpm.byted.org/rc-dialog/-/rc-dialog-8.9.0.tgz",
			"integrity": "sha512-Cp0tbJnrvPchJfnwIvOMWmJ4yjX3HWFatO6oBFD1jx8QkgsQCR0p8nUWAKdd3seLJhEC39/v56kZaEjwp9muoQ==",
			"dev": true,
			"requires": {
				"@babel/runtime": "^7.10.1",
				"classnames": "^2.2.6",
				"rc-motion": "^2.3.0",
				"rc-util": "^5.21.0"
			}
		},
		"rc-drawer": {
			"version": "5.1.0",
			"resolved": "http://bnpm.byted.org/rc-drawer/-/rc-drawer-5.1.0.tgz",
			"integrity": "sha512-pU3Tsn99pxGdYowXehzZbdDVE+4lDXSGb7p8vA9mSmr569oc2Izh4Zw5vLKSe/Xxn2p5MSNbLVqD4tz+pK6SOw==",
			"dev": true,
			"requires": {
				"@babel/runtime": "^7.10.1",
				"classnames": "^2.2.6",
				"rc-motion": "^2.6.1",
				"rc-util": "^5.21.2"
			}
		},
		"rc-dropdown": {
			"version": "4.0.1",
			"resolved": "http://bnpm.byted.org/rc-dropdown/-/rc-dropdown-4.0.1.tgz",
			"integrity": "sha512-OdpXuOcme1rm45cR0Jzgfl1otzmU4vuBVb+etXM8vcaULGokAKVpKlw8p6xzspG7jGd/XxShvq+N3VNEfk/l5g==",
			"dev": true,
			"requires": {
				"@babel/runtime": "^7.18.3",
				"classnames": "^2.2.6",
				"rc-trigger": "^5.3.1",
				"rc-util": "^5.17.0"
			}
		},
		"rc-field-form": {
			"version": "1.27.1",
			"resolved": "http://bnpm.byted.org/rc-field-form/-/rc-field-form-1.27.1.tgz",
			"integrity": "sha512-RShegnwFu6TH8tl2olCxn+B4Wyh5EiQH8c/7wucbkLNyue05YiH5gomUAg1vbZjp71yFKwegClctsEG5CNBWAA==",
			"dev": true,
			"requires": {
				"@babel/runtime": "^7.18.0",
				"async-validator": "^4.1.0",
				"rc-util": "^5.8.0"
			}
		},
		"rc-image": {
			"version": "5.7.1",
			"resolved": "http://bnpm.byted.org/rc-image/-/rc-image-5.7.1.tgz",
			"integrity": "sha512-QyMfdhoUfb5W14plqXSisaYwpdstcLYnB0MjX5ccIK2rydQM9sDPuekQWu500DDGR2dBaIF5vx9XbWkNFK17Fg==",
			"dev": true,
			"requires": {
				"@babel/runtime": "^7.11.2",
				"classnames": "^2.2.6",
				"rc-dialog": "~8.9.0",
				"rc-util": "^5.0.6"
			}
		},
		"rc-input": {
			"version": "0.1.2",
			"resolved": "http://bnpm.byted.org/rc-input/-/rc-input-0.1.2.tgz",
			"integrity": "sha512-ZPmwcFspgfYpUfbSx3KnLk9gImBcLOrlQCr4oTJ4jBoIXgJLTfm26yelzRgBJewhkvD8uJbgX0sQ/yOzuOHnJg==",
			"dev": true,
			"requires": {
				"@babel/runtime": "^7.11.1",
				"classnames": "^2.2.1",
				"rc-util": "^5.18.1"
			}
		},
		"rc-input-number": {
			"version": "7.3.7",
			"resolved": "http://bnpm.byted.org/rc-input-number/-/rc-input-number-7.3.7.tgz",
			"integrity": "sha512-W9jDwfhJyNjg0iZX401r0GctTGX4ETURzF6SisC42GR0AkJxtaPD89eGwbTdAudUjEx0Pkn2rGmfvVGGdQACKA==",
			"dev": true,
			"requires": {
				"@babel/runtime": "^7.10.1",
				"classnames": "^2.2.5",
				"rc-util": "^5.23.0"
			}
		},
		"rc-mentions": {
			"version": "1.9.2",
			"resolved": "http://bnpm.byted.org/rc-mentions/-/rc-mentions-1.9.2.tgz",
			"integrity": "sha512-uxb/lzNnEGmvraKWNGE6KXMVXvt8RQv9XW8R0Dqi3hYsyPiAZeHRCHQKdLARuk5YBhFhZ6ga55D/8XuY367g3g==",
			"dev": true,
			"requires": {
				"@babel/runtime": "^7.10.1",
				"classnames": "^2.2.6",
				"rc-menu": "~9.6.0",
				"rc-textarea": "^0.3.0",
				"rc-trigger": "^5.0.4",
				"rc-util": "^5.22.5"
			}
		},
		"rc-menu": {
			"version": "9.6.3",
			"resolved": "http://bnpm.byted.org/rc-menu/-/rc-menu-9.6.3.tgz",
			"integrity": "sha512-KY9QilKWgkJZ0JSpOBgIpQF2wMRRodRxpIMYyIJ3Nd5N6xfVLOxXCxevHcBplt+Ez7MhUF+I03MuAKqWQJLZgw==",
			"dev": true,
			"requires": {
				"@babel/runtime": "^7.10.1",
				"classnames": "2.x",
				"rc-motion": "^2.4.3",
				"rc-overflow": "^1.2.0",
				"rc-trigger": "^5.1.2",
				"rc-util": "^5.12.0",
				"shallowequal": "^1.1.0"
			}
		},
		"rc-motion": {
			"version": "2.6.2",
			"resolved": "http://bnpm.byted.org/rc-motion/-/rc-motion-2.6.2.tgz",
			"integrity": "sha512-4w1FaX3dtV749P8GwfS4fYnFG4Rb9pxvCYPc/b2fw1cmlHJWNNgOFIz7ysiD+eOrzJSvnLJWlNQQncpNMXwwpg==",
			"dev": true,
			"requires": {
				"@babel/runtime": "^7.11.1",
				"classnames": "^2.2.1",
				"rc-util": "^5.21.0"
			}
		},
		"rc-notification": {
			"version": "4.6.0",
			"resolved": "http://bnpm.byted.org/rc-notification/-/rc-notification-4.6.0.tgz",
			"integrity": "sha512-xF3MKgIoynzjQAO4lqsoraiFo3UXNYlBfpHs0VWvwF+4pimen9/H1DYLN2mfRWhHovW6gRpla73m2nmyIqAMZQ==",
			"dev": true,
			"requires": {
				"@babel/runtime": "^7.10.1",
				"classnames": "2.x",
				"rc-motion": "^2.2.0",
				"rc-util": "^5.20.1"
			}
		},
		"rc-overflow": {
			"version": "1.2.8",
			"resolved": "http://bnpm.byted.org/rc-overflow/-/rc-overflow-1.2.8.tgz",
			"integrity": "sha512-QJ0UItckWPQ37ZL1dMEBAdY1dhfTXFL9k6oTTcyydVwoUNMnMqCGqnRNA98axSr/OeDKqR6DVFyi8eA5RQI/uQ==",
			"dev": true,
			"requires": {
				"@babel/runtime": "^7.11.1",
				"classnames": "^2.2.1",
				"rc-resize-observer": "^1.0.0",
				"rc-util": "^5.19.2"
			}
		},
		"rc-pagination": {
			"version": "3.1.17",
			"resolved": "http://bnpm.byted.org/rc-pagination/-/rc-pagination-3.1.17.tgz",
			"integrity": "sha512-/BQ5UxcBnW28vFAcP2hfh+Xg15W0QZn8TWYwdCApchMH1H0CxiaUUcULP8uXcFM1TygcdKWdt3JqsL9cTAfdkQ==",
			"dev": true,
			"requires": {
				"@babel/runtime": "^7.10.1",
				"classnames": "^2.2.1"
			}
		},
		"rc-picker": {
			"version": "2.6.10",
			"resolved": "http://bnpm.byted.org/rc-picker/-/rc-picker-2.6.10.tgz",
			"integrity": "sha512-9wYtw0DFWs9FO92Qh2D76P0iojUr8ZhLOtScUeOit6ks/F+TBLrOC1uze3IOu+u9gbDAjmosNWLKbBzx/Yuv2w==",
			"dev": true,
			"requires": {
				"@babel/runtime": "^7.10.1",
				"classnames": "^2.2.1",
				"date-fns": "2.x",
				"dayjs": "1.x",
				"moment": "^2.24.0",
				"rc-trigger": "^5.0.4",
				"rc-util": "^5.4.0",
				"shallowequal": "^1.1.0"
			}
		},
		"rc-progress": {
			"version": "3.3.3",
			"resolved": "http://bnpm.byted.org/rc-progress/-/rc-progress-3.3.3.tgz",
			"integrity": "sha512-MDVNVHzGanYtRy2KKraEaWeZLri2ZHWIRyaE1a9MQ2MuJ09m+Wxj5cfcaoaR6z5iRpHpA59YeUxAlpML8N4PJw==",
			"dev": true,
			"requires": {
				"@babel/runtime": "^7.10.1",
				"classnames": "^2.2.6",
				"rc-util": "^5.16.1"
			}
		},
		"rc-rate": {
			"version": "2.9.2",
			"resolved": "http://bnpm.byted.org/rc-rate/-/rc-rate-2.9.2.tgz",
			"integrity": "sha512-SaiZFyN8pe0Fgphv8t3+kidlej+cq/EALkAJAc3A0w0XcPaH2L1aggM8bhe1u6GAGuQNAoFvTLjw4qLPGRKV5g==",
			"dev": true,
			"requires": {
				"@babel/runtime": "^7.10.1",
				"classnames": "^2.2.5",
				"rc-util": "^5.0.1"
			}
		},
		"rc-resize-observer": {
			"version": "1.2.0",
			"resolved": "http://bnpm.byted.org/rc-resize-observer/-/rc-resize-observer-1.2.0.tgz",
			"integrity": "sha512-6W+UzT3PyDM0wVCEHfoW3qTHPTvbdSgiA43buiy8PzmeMnfgnDeb9NjdimMXMl3/TcrvvWl5RRVdp+NqcR47pQ==",
			"dev": true,
			"requires": {
				"@babel/runtime": "^7.10.1",
				"classnames": "^2.2.1",
				"rc-util": "^5.15.0",
				"resize-observer-polyfill": "^1.5.1"
			}
		},
		"rc-segmented": {
			"version": "2.1.0",
			"resolved": "http://bnpm.byted.org/rc-segmented/-/rc-segmented-2.1.0.tgz",
			"integrity": "sha512-hUlonro+pYoZcwrH6Vm56B2ftLfQh046hrwif/VwLIw1j3zGt52p5mREBwmeVzXnSwgnagpOpfafspzs1asjGw==",
			"dev": true,
			"requires": {
				"@babel/runtime": "^7.11.1",
				"classnames": "^2.2.1",
				"rc-motion": "^2.4.4",
				"rc-util": "^5.17.0"
			}
		},
		"rc-select": {
			"version": "14.1.11",
			"resolved": "http://bnpm.byted.org/rc-select/-/rc-select-14.1.11.tgz",
			"integrity": "sha512-3UI781eaTg/V4BEc8rLk1i2BQmO+n0sOsi3RKcV2EkHu2ErjTlg/1SOixllnWTWcH02oizvdvALZ1nvZulin9A==",
			"dev": true,
			"requires": {
				"@babel/runtime": "^7.10.1",
				"classnames": "2.x",
				"rc-motion": "^2.0.1",
				"rc-overflow": "^1.0.0",
				"rc-trigger": "^5.0.4",
				"rc-util": "^5.16.1",
				"rc-virtual-list": "^3.2.0"
			}
		},
		"rc-slider": {
			"version": "10.0.1",
			"resolved": "http://bnpm.byted.org/rc-slider/-/rc-slider-10.0.1.tgz",
			"integrity": "sha512-igTKF3zBet7oS/3yNiIlmU8KnZ45npmrmHlUUio8PNbIhzMcsh+oE/r2UD42Y6YD2D/s+kzCQkzQrPD6RY435Q==",
			"dev": true,
			"requires": {
				"@babel/runtime": "^7.10.1",
				"classnames": "^2.2.5",
				"rc-util": "^5.18.1",
				"shallowequal": "^1.1.0"
			}
		},
		"rc-steps": {
			"version": "4.1.4",
			"resolved": "http://bnpm.byted.org/rc-steps/-/rc-steps-4.1.4.tgz",
			"integrity": "sha512-qoCqKZWSpkh/b03ASGx1WhpKnuZcRWmvuW+ZUu4mvMdfvFzVxblTwUM+9aBd0mlEUFmt6GW8FXhMpHkK3Uzp3w==",
			"dev": true,
			"requires": {
				"@babel/runtime": "^7.10.2",
				"classnames": "^2.2.3",
				"rc-util": "^5.0.1"
			}
		},
		"rc-switch": {
			"version": "3.2.2",
			"resolved": "http://bnpm.byted.org/rc-switch/-/rc-switch-3.2.2.tgz",
			"integrity": "sha512-+gUJClsZZzvAHGy1vZfnwySxj+MjLlGRyXKXScrtCTcmiYNPzxDFOxdQ/3pK1Kt/0POvwJ/6ALOR8gwdXGhs+A==",
			"dev": true,
			"requires": {
				"@babel/runtime": "^7.10.1",
				"classnames": "^2.2.1",
				"rc-util": "^5.0.1"
			}
		},
		"rc-table": {
			"version": "7.26.0",
			"resolved": "http://bnpm.byted.org/rc-table/-/rc-table-7.26.0.tgz",
			"integrity": "sha512-0cD8e6S+DTGAt5nBZQIPFYEaIukn17sfa5uFL98faHlH/whZzD8ii3dbFL4wmUDEL4BLybhYop+QUfZJ4CPvNQ==",
			"dev": true,
			"requires": {
				"@babel/runtime": "^7.10.1",
				"classnames": "^2.2.5",
				"rc-resize-observer": "^1.1.0",
				"rc-util": "^5.22.5",
				"shallowequal": "^1.1.0"
			}
		},
		"rc-tabs": {
			"version": "12.1.0-alpha.1",
			"resolved": "http://bnpm.byted.org/rc-tabs/-/rc-tabs-12.1.0-alpha.1.tgz",
			"integrity": "sha512-M+B88WEnGSuE+mR54fpgPbZLAakzxa/H6FmEetLBl5WG4I3AcwSk9amuIPC/tu0KXBl+H6Bg5ZwrrEUOBUvgzg==",
			"dev": true,
			"requires": {
				"@babel/runtime": "^7.11.2",
				"classnames": "2.x",
				"rc-dropdown": "~4.0.0",
				"rc-menu": "~9.6.0",
				"rc-motion": "^2.6.2",
				"rc-resize-observer": "^1.0.0",
				"rc-util": "^5.5.0"
			}
		},
		"rc-textarea": {
			"version": "0.3.7",
			"resolved": "http://bnpm.byted.org/rc-textarea/-/rc-textarea-0.3.7.tgz",
			"integrity": "sha512-yCdZ6binKmAQB13hc/oehh0E/QRwoPP1pjF21aHBxlgXO3RzPF6dUu4LG2R4FZ1zx/fQd2L1faktulrXOM/2rw==",
			"dev": true,
			"requires": {
				"@babel/runtime": "^7.10.1",
				"classnames": "^2.2.1",
				"rc-resize-observer": "^1.0.0",
				"rc-util": "^5.7.0",
				"shallowequal": "^1.1.0"
			}
		},
		"rc-tooltip": {
			"version": "5.2.2",
			"resolved": "http://bnpm.byted.org/rc-tooltip/-/rc-tooltip-5.2.2.tgz",
			"integrity": "sha512-jtQzU/18S6EI3lhSGoDYhPqNpWajMtS5VV/ld1LwyfrDByQpYmw/LW6U7oFXXLukjfDHQ7Ju705A82PRNFWYhg==",
			"dev": true,
			"requires": {
				"@babel/runtime": "^7.11.2",
				"classnames": "^2.3.1",
				"rc-trigger": "^5.0.0"
			}
		},
		"rc-tree": {
			"version": "5.6.7",
			"resolved": "http://bnpm.byted.org/rc-tree/-/rc-tree-5.6.7.tgz",
			"integrity": "sha512-LcvI8YciaBcPpsroi3qUR0hU3qMWAwtD/5SQuT4HcmMbVYM4281Xptav0Bq+7KUf2t1WhrqLhhtzrIlft+4tvw==",
			"dev": true,
			"requires": {
				"@babel/runtime": "^7.10.1",
				"classnames": "2.x",
				"rc-motion": "^2.0.1",
				"rc-util": "^5.16.1",
				"rc-virtual-list": "^3.4.8"
			}
		},
		"rc-tree-select": {
			"version": "5.4.1",
			"resolved": "http://bnpm.byted.org/rc-tree-select/-/rc-tree-select-5.4.1.tgz",
			"integrity": "sha512-xhXnKP8Stu2Q7wTcjJaSzSOLd4wmFtUZOwmy1cioaWyPbpiKlYdnALXA/9U49HOaV3KFXdRHE9Yi0KYED7yOAQ==",
			"dev": true,
			"requires": {
				"@babel/runtime": "^7.10.1",
				"classnames": "2.x",
				"rc-select": "~14.1.0",
				"rc-tree": "~5.6.1",
				"rc-util": "^5.16.1"
			}
		},
		"rc-trigger": {
			"version": "5.3.1",
			"resolved": "http://bnpm.byted.org/rc-trigger/-/rc-trigger-5.3.1.tgz",
			"integrity": "sha512-5gaFbDkYSefZ14j2AdzucXzlWgU2ri5uEjkHvsf1ynRhdJbKxNOnw4PBZ9+FVULNGFiDzzlVF8RJnR9P/xrnKQ==",
			"dev": true,
			"requires": {
				"@babel/runtime": "^7.18.3",
				"classnames": "^2.2.6",
				"rc-align": "^4.0.0",
				"rc-motion": "^2.0.0",
				"rc-util": "^5.19.2"
			}
		},
		"rc-upload": {
			"version": "4.3.4",
			"resolved": "http://bnpm.byted.org/rc-upload/-/rc-upload-4.3.4.tgz",
			"integrity": "sha512-uVbtHFGNjHG/RyAfm9fluXB6pvArAGyAx8z7XzXXyorEgVIWj6mOlriuDm0XowDHYz4ycNK0nE0oP3cbFnzxiQ==",
			"dev": true,
			"requires": {
				"@babel/runtime": "^7.18.3",
				"classnames": "^2.2.5",
				"rc-util": "^5.2.0"
			}
		},
		"rc-util": {
			"version": "5.24.2",
			"resolved": "http://bnpm.byted.org/rc-util/-/rc-util-5.24.2.tgz",
			"integrity": "sha512-MWd0ZEV7xSwN4HM9jz9BwpnMzwCPjYJ7K90lePsrdgAkrmm8U7b4BOTIsv/84BQsaF7N3ejNkcrZ3AfEwc9HXA==",
			"dev": true,
			"requires": {
				"@babel/runtime": "^7.18.3",
				"react-is": "^16.12.0",
				"shallowequal": "^1.1.0"
			}
		},
		"rc-virtual-list": {
			"version": "3.4.8",
			"resolved": "http://bnpm.byted.org/rc-virtual-list/-/rc-virtual-list-3.4.8.tgz",
			"integrity": "sha512-qSN+Rv4i/E7RCTvTMr1uZo7f3crJJg/5DekoCagydo9zsXrxj07zsFSxqizqW+ldGA16lwa8So/bIbV9Ofjddg==",
			"dev": true,
			"requires": {
				"classnames": "^2.2.6",
				"rc-resize-observer": "^1.0.0",
				"rc-util": "^5.15.0"
			}
		},
		"react": {
			"version": "17.0.2",
			"resolved": "http://bnpm.byted.org/react/-/react-17.0.2.tgz",
			"integrity": "sha512-gnhPt75i/dq/z3/6q/0asP78D0u592D5L1pd7M8P+dck6Fu/jJeL6iVVK23fptSUZj8Vjf++7wXA8UNclGQcbA==",
			"dev": true,
			"requires": {
				"loose-envify": "^1.1.0",
				"object-assign": "^4.1.1"
			}
		},
		"react-dom": {
			"version": "17.0.2",
			"resolved": "http://bnpm.byted.org/react-dom/-/react-dom-17.0.2.tgz",
			"integrity": "sha512-s4h96KtLDUQlsENhMn1ar8t2bEa+q/YAtj8pPPdIjPDGBDIVNsrD9aXNWqspUe6AzKCIG0C1HZZLqLV7qpOBGA==",
			"dev": true,
			"requires": {
				"loose-envify": "^1.1.0",
				"object-assign": "^4.1.1",
				"scheduler": "^0.20.2"
			}
		},
		"react-is": {
			"version": "16.13.1",
			"resolved": "http://bnpm.byted.org/react-is/-/react-is-16.13.1.tgz",
			"integrity": "sha512-24e6ynE2H+OKt4kqsOvNd8kBpV65zoxbA4BVsEOB3ARVWQki/DHzaUoC5KuON/BiccDaCCTZBuOcfZs70kR8bQ==",
			"dev": true
		},
		"regenerator-runtime": {
			"version": "0.13.9",
			"resolved": "http://bnpm.byted.org/regenerator-runtime/-/regenerator-runtime-0.13.9.tgz",
			"integrity": "sha512-p3VT+cOEgxFsRRA9X4lkI1E+k2/CtnKtU4gcxyaCUreilL/vqI6CdZ3wxVUx3UOUg+gnUOQQcRI7BmSI656MYA=="
		},
		"resize-observer-polyfill": {
			"version": "1.5.1",
			"resolved": "http://bnpm.byted.org/resize-observer-polyfill/-/resize-observer-polyfill-1.5.1.tgz",
			"integrity": "sha512-LwZrotdHOo12nQuZlHEmtuXdqGoOD0OhaxopaNFxWzInpEgaLWoVuAMbTzixuosCx2nEG58ngzW3vxdWoxIgdg==",
			"dev": true
		},
		"scheduler": {
			"version": "0.20.2",
			"resolved": "http://bnpm.byted.org/scheduler/-/scheduler-0.20.2.tgz",
			"integrity": "sha512-2eWfGgAqqWFGqtdMmcL5zCMK1U8KlXv8SQFGglL3CEtd0aDVDWgeF/YoCmvln55m5zSk3J/20hTaSBeSObsQDQ==",
			"dev": true,
			"requires": {
				"loose-envify": "^1.1.0",
				"object-assign": "^4.1.1"
			}
		},
		"scroll-into-view-if-needed": {
			"version": "2.2.29",
			"resolved": "http://bnpm.byted.org/scroll-into-view-if-needed/-/scroll-into-view-if-needed-2.2.29.tgz",
			"integrity": "sha512-hxpAR6AN+Gh53AdAimHM6C8oTN1ppwVZITihix+WqalywBeFcQ6LdQP5ABNl26nX8GTEL7VT+b8lKpdqq65wXg==",
			"dev": true,
			"requires": {
				"compute-scroll-into-view": "^1.0.17"
			}
		},
		"shallowequal": {
			"version": "1.1.0",
			"resolved": "http://bnpm.byted.org/shallowequal/-/shallowequal-1.1.0.tgz",
			"integrity": "sha512-y0m1JoUZSlPAjXVtPPW70aZWfIL/dSP7AFkRnniLCrK/8MDKog3TySTBmckD+RObVxH0v4Tox67+F14PdED2oQ==",
			"dev": true
		},
		"string-convert": {
			"version": "0.2.1",
			"resolved": "http://bnpm.byted.org/string-convert/-/string-convert-0.2.1.tgz",
			"integrity": "sha512-u/1tdPl4yQnPBjnVrmdLo9gtuLvELKsAoRapekWggdiQNvvvum+jYF329d84NAa660KQw7pB2n36KrIKVoXa3A==",
			"dev": true
		},
		"toggle-selection": {
			"version": "1.0.6",
			"resolved": "http://bnpm.byted.org/toggle-selection/-/toggle-selection-1.0.6.tgz",
			"integrity": "sha512-BiZS+C1OS8g/q2RRbJmy59xpyghNBqrr6k5L/uKBGRsTfxmu3ffiRnd8mlGPUVayg8pvfi5urfnu8TU7DVOkLQ==",
			"dev": true
		}
	}
}
