{
	"name": "@aomao/plugin-lightblock",
	"version": "1.0.3",
	"lockfileVersion": 1,
	"requires": true,
	"dependencies": {
		"@babel/runtime": {
			"version": "7.18.9",
			"resolved": "http://bnpm.byted.org/@babel/runtime/-/runtime-7.18.9.tgz",
			"integrity": "sha512-lkqXDcvlFT5rvEjiu6+QYO+1GXrEHRo2LOtS7E4GtX5ESIZOgepqsZBVIj6Pv+a6zqsya9VCgiK1KAK4BvJDAw==",
			"requires": {
				"regenerator-runtime": "^0.13.4"
			}
		},
		"@types/linkify-it": {
			"version": "3.0.2",
			"resolved": "http://bnpm.byted.org/@types/linkify-it/-/linkify-it-3.0.2.tgz",
			"integrity": "sha512-HZQYqbiFVWufzCwexrvh694SOim8z2d+xJl5UNamcvQFejLY/2YUtzXHYi3cHdI7PMlS8ejH2slRAOJQ32aNbA==",
			"dev": true
		},
		"@types/markdown-it": {
			"version": "12.2.3",
			"resolved": "http://bnpm.byted.org/@types/markdown-it/-/markdown-it-12.2.3.tgz",
			"integrity": "sha512-GKMHFfv3458yYy+v/N8gjufHO6MSZKCOXpZc5GXIWWy8uldwfmPn98vp81gZ5f9SVw8YYBctgfJ22a2d7AOMeQ==",
			"dev": true,
			"requires": {
				"@types/linkify-it": "*",
				"@types/mdurl": "*"
			}
		},
		"@types/markdown-it-container": {
			"version": "2.0.5",
			"resolved": "http://bnpm.byted.org/@types/markdown-it-container/-/markdown-it-container-2.0.5.tgz",
			"integrity": "sha512-8v5jIC5gcCUv+JcD0DExwNBkoKC0kLB4acensF0NoNlTIcXmQxF3RDjzAdIW82sXSoR+n772ePguxIWlq2ELvA==",
			"dev": true,
			"requires": {
				"@types/markdown-it": "*"
			}
		},
		"@types/mdurl": {
			"version": "1.0.2",
			"resolved": "http://bnpm.byted.org/@types/mdurl/-/mdurl-1.0.2.tgz",
			"integrity": "sha512-eC4U9MlIcu2q0KQmXszyn5Akca/0jrQmwDRgpAMJai7qBWq4amIQhZyNau4VYGtCeALvW1/NtjzJJ567aZxfKA==",
			"dev": true
		},
		"markdown-it-container": {
			"version": "3.0.0",
			"resolved": "http://bnpm.byted.org/markdown-it-container/-/markdown-it-container-3.0.0.tgz",
			"integrity": "sha512-y6oKTq4BB9OQuY/KLfk/O3ysFhB3IMYoIWhGJEidXt1NQFocFK2sA2t0NYZAMyMShAGL6x5OPIbrmXPIqaN9rw=="
		},
		"regenerator-runtime": {
			"version": "0.13.9",
			"resolved": "http://bnpm.byted.org/regenerator-runtime/-/regenerator-runtime-0.13.9.tgz",
			"integrity": "sha512-p3VT+cOEgxFsRRA9X4lkI1E+k2/CtnKtU4gcxyaCUreilL/vqI6CdZ3wxVUx3UOUg+gnUOQQcRI7BmSI656MYA=="
		}
	}
}
