{
	"name": "@aomao/plugin-mulit-codeblock",
	"version": "1.1.1",
	"lockfileVersion": 1,
	"requires": true,
	"dependencies": {
		"@ant-design/colors": {
			"version": "6.0.0",
			"resolved": "http://bnpm.byted.org/@ant-design/colors/-/colors-6.0.0.tgz",
			"integrity": "sha512-qAZRvPzfdWHtfameEGP2Qvuf838NhergR35o+EuVyB5XvSA98xod5r4utvi4TJ3ywmevm290g9nsCG5MryrdWQ==",
			"dev": true,
			"requires": {
				"@ctrl/tinycolor": "^3.4.0"
			}
		},
		"@ant-design/icons": {
			"version": "4.7.0",
			"resolved": "http://bnpm.byted.org/@ant-design/icons/-/icons-4.7.0.tgz",
			"integrity": "sha512-aoB4Z7JA431rt6d4u+8xcNPPCrdufSRMUOpxa1ab6mz1JCQZOEVolj2WVs/tDFmN62zzK30mNelEsprLYsSF3g==",
			"dev": true,
			"requires": {
				"@ant-design/colors": "^6.0.0",
				"@ant-design/icons-svg": "^4.2.1",
				"@babel/runtime": "^7.11.2",
				"classnames": "^2.2.6",
				"rc-util": "^5.9.4"
			}
		},
		"@ant-design/icons-svg": {
			"version": "4.2.1",
			"resolved": "http://bnpm.byted.org/@ant-design/icons-svg/-/icons-svg-4.2.1.tgz",
			"integrity": "sha512-EB0iwlKDGpG93hW8f85CTJTs4SvMX7tt5ceupvhALp1IF44SeUFOMhKUOYqpsoYWQKAOuTRDMqn75rEaKDp0Xw==",
			"dev": true
		},
		"@ant-design/react-slick": {
			"version": "0.29.2",
			"resolved": "http://bnpm.byted.org/@ant-design/react-slick/-/react-slick-0.29.2.tgz",
			"integrity": "sha512-kgjtKmkGHa19FW21lHnAfyyH9AAoh35pBdcJ53rHmQ3O+cfFHGHnUbj/HFrRNJ5vIts09FKJVAD8RpaC+RaWfA==",
			"dev": true,
			"requires": {
				"@babel/runtime": "^7.10.4",
				"classnames": "^2.2.5",
				"json2mq": "^0.2.0",
				"lodash": "^4.17.21",
				"resize-observer-polyfill": "^1.5.1"
			}
		},
		"@babel/runtime": {
			"version": "7.18.9",
			"resolved": "http://bnpm.byted.org/@babel/runtime/-/runtime-7.18.9.tgz",
			"integrity": "sha512-lkqXDcvlFT5rvEjiu6+QYO+1GXrEHRo2LOtS7E4GtX5ESIZOgepqsZBVIj6Pv+a6zqsya9VCgiK1KAK4BvJDAw==",
			"requires": {
				"regenerator-runtime": "^0.13.4"
			}
		},
		"@ctrl/tinycolor": {
			"version": "3.4.1",
			"resolved": "http://bnpm.byted.org/@ctrl/tinycolor/-/tinycolor-3.4.1.tgz",
			"integrity": "sha512-ej5oVy6lykXsvieQtqZxCOaLT+xD4+QNarq78cIYISHmZXshCvROLudpQN3lfL8G0NL7plMSSK+zlyvCaIJ4Iw==",
			"dev": true
		},
		"@types/codemirror": {
			"version": "5.60.5",
			"resolved": "http://bnpm.byted.org/@types/codemirror/-/codemirror-5.60.5.tgz",
			"integrity": "sha512-TiECZmm8St5YxjFUp64LK0c8WU5bxMDt9YaAek1UqUb9swrSCoJhh92fWu1p3mTEqlHjhB5sY7OFBhWroJXZVg==",
			"dev": true,
			"requires": {
				"@types/tern": "*"
			}
		},
		"@types/estree": {
			"version": "1.0.0",
			"resolved": "http://bnpm.byted.org/@types/estree/-/estree-1.0.0.tgz",
			"integrity": "sha512-WulqXMDUTYAXCjZnk6JtIHPigp55cVtDgDrO2gHRwhyJto21+1zbVCtOYB2L1F9w4qCQ0rOGWBnBe0FNTiEJIQ==",
			"dev": true
		},
		"@types/hoist-non-react-statics": {
			"version": "3.3.1",
			"resolved": "http://bnpm.byted.org/@types/hoist-non-react-statics/-/hoist-non-react-statics-3.3.1.tgz",
			"integrity": "sha512-iMIqiko6ooLrTh1joXodJK5X9xeEALT1kM5G3ZLhD3hszxBdIEd5C75U834D9mLcINgD4OyZf5uQXjkuYydWvA==",
			"requires": {
				"@types/react": "*",
				"hoist-non-react-statics": "^3.3.0"
			}
		},
		"@types/linkify-it": {
			"version": "3.0.2",
			"resolved": "http://bnpm.byted.org/@types/linkify-it/-/linkify-it-3.0.2.tgz",
			"integrity": "sha512-HZQYqbiFVWufzCwexrvh694SOim8z2d+xJl5UNamcvQFejLY/2YUtzXHYi3cHdI7PMlS8ejH2slRAOJQ32aNbA==",
			"dev": true
		},
		"@types/markdown-it": {
			"version": "12.2.3",
			"resolved": "http://bnpm.byted.org/@types/markdown-it/-/markdown-it-12.2.3.tgz",
			"integrity": "sha512-GKMHFfv3458yYy+v/N8gjufHO6MSZKCOXpZc5GXIWWy8uldwfmPn98vp81gZ5f9SVw8YYBctgfJ22a2d7AOMeQ==",
			"dev": true,
			"requires": {
				"@types/linkify-it": "*",
				"@types/mdurl": "*"
			}
		},
		"@types/markdown-it-container": {
			"version": "2.0.5",
			"resolved": "http://bnpm.byted.org/@types/markdown-it-container/-/markdown-it-container-2.0.5.tgz",
			"integrity": "sha512-8v5jIC5gcCUv+JcD0DExwNBkoKC0kLB4acensF0NoNlTIcXmQxF3RDjzAdIW82sXSoR+n772ePguxIWlq2ELvA==",
			"dev": true,
			"requires": {
				"@types/markdown-it": "*"
			}
		},
		"@types/mdurl": {
			"version": "1.0.2",
			"resolved": "http://bnpm.byted.org/@types/mdurl/-/mdurl-1.0.2.tgz",
			"integrity": "sha512-eC4U9MlIcu2q0KQmXszyn5Akca/0jrQmwDRgpAMJai7qBWq4amIQhZyNau4VYGtCeALvW1/NtjzJJ567aZxfKA==",
			"dev": true
		},
		"@types/prop-types": {
			"version": "15.7.5",
			"resolved": "http://bnpm.byted.org/@types/prop-types/-/prop-types-15.7.5.tgz",
			"integrity": "sha512-JCB8C6SnDoQf0cNycqd/35A7MjcnK+ZTqE7judS6o7utxUCg6imJg3QK2qzHKszlTjcj2cn+NwMB2i96ubpj7w=="
		},
		"@types/react": {
			"version": "18.0.17",
			"resolved": "http://bnpm.byted.org/@types/react/-/react-18.0.17.tgz",
			"integrity": "sha512-38ETy4tL+rn4uQQi7mB81G7V1g0u2ryquNmsVIOKUAEIDK+3CUjZ6rSRpdvS99dNBnkLFL83qfmtLacGOTIhwQ==",
			"requires": {
				"@types/prop-types": "*",
				"@types/scheduler": "*",
				"csstype": "^3.0.2"
			}
		},
		"@types/react-beautiful-dnd": {
			"version": "13.1.2",
			"resolved": "http://bnpm.byted.org/@types/react-beautiful-dnd/-/react-beautiful-dnd-13.1.2.tgz",
			"integrity": "sha512-+OvPkB8CdE/bGdXKyIhc/Lm2U7UAYCCJgsqmopFmh9gbAudmslkI8eOrPDjg4JhwSE6wytz4a3/wRjKtovHVJg==",
			"dev": true,
			"requires": {
				"@types/react": "*"
			}
		},
		"@types/react-redux": {
			"version": "7.1.24",
			"resolved": "http://bnpm.byted.org/@types/react-redux/-/react-redux-7.1.24.tgz",
			"integrity": "sha512-7FkurKcS1k0FHZEtdbbgN8Oc6b+stGSfZYjQGicofJ0j4U0qIn/jaSvnP2pLwZKiai3/17xqqxkkrxTgN8UNbQ==",
			"requires": {
				"@types/hoist-non-react-statics": "^3.3.0",
				"@types/react": "*",
				"hoist-non-react-statics": "^3.3.0",
				"redux": "^4.0.0"
			}
		},
		"@types/scheduler": {
			"version": "0.16.2",
			"resolved": "http://bnpm.byted.org/@types/scheduler/-/scheduler-0.16.2.tgz",
			"integrity": "sha512-hppQEBDmlwhFAXKJX2KnWLYu5yMfi91yazPb2l+lbJiwW+wdo1gNeRA+3RgNSO39WYX2euey41KEwnqesU2Jew=="
		},
		"@types/tern": {
			"version": "0.23.4",
			"resolved": "http://bnpm.byted.org/@types/tern/-/tern-0.23.4.tgz",
			"integrity": "sha512-JAUw1iXGO1qaWwEOzxTKJZ/5JxVeON9kvGZ/osgZaJImBnyjyn0cjovPsf6FNLmyGY8Vw9DoXZCMlfMkMwHRWg==",
			"dev": true,
			"requires": {
				"@types/estree": "*"
			}
		},
		"antd": {
			"version": "4.22.4",
			"resolved": "http://bnpm.byted.org/antd/-/antd-4.22.4.tgz",
			"integrity": "sha512-u7l68PhSJMxyZmCNw+jwaeurSAaE+bU+lB0SPRHLfOFJR6xRudntvRoQdiEFOD5FZ3eeqz4lYQ3RZZRIarmceg==",
			"dev": true,
			"requires": {
				"@ant-design/colors": "^6.0.0",
				"@ant-design/icons": "^4.7.0",
				"@ant-design/react-slick": "~0.29.1",
				"@babel/runtime": "^7.18.3",
				"@ctrl/tinycolor": "^3.4.0",
				"classnames": "^2.2.6",
				"copy-to-clipboard": "^3.2.0",
				"lodash": "^4.17.21",
				"memoize-one": "^6.0.0",
				"moment": "^2.29.2",
				"rc-cascader": "~3.6.0",
				"rc-checkbox": "~2.3.0",
				"rc-collapse": "~3.3.0",
				"rc-dialog": "~8.9.0",
				"rc-drawer": "~5.1.0-alpha.1",
				"rc-dropdown": "~4.0.0",
				"rc-field-form": "~1.27.0",
				"rc-image": "~5.7.0",
				"rc-input": "~0.0.1-alpha.5",
				"rc-input-number": "~7.3.5",
				"rc-mentions": "~1.9.1",
				"rc-menu": "~9.6.0",
				"rc-motion": "^2.6.1",
				"rc-notification": "~4.6.0",
				"rc-pagination": "~3.1.17",
				"rc-picker": "~2.6.10",
				"rc-progress": "~3.3.2",
				"rc-rate": "~2.9.0",
				"rc-resize-observer": "^1.2.0",
				"rc-segmented": "~2.1.0",
				"rc-select": "~14.1.1",
				"rc-slider": "~10.0.0",
				"rc-steps": "~4.1.0",
				"rc-switch": "~3.2.0",
				"rc-table": "~7.25.3",
				"rc-tabs": "~11.16.0",
				"rc-textarea": "~0.3.0",
				"rc-tooltip": "~5.2.0",
				"rc-tree": "~5.6.5",
				"rc-tree-select": "~5.4.0",
				"rc-trigger": "^5.2.10",
				"rc-upload": "~4.3.0",
				"rc-util": "^5.22.5",
				"scroll-into-view-if-needed": "^2.2.25"
			}
		},
		"array-tree-filter": {
			"version": "2.1.0",
			"resolved": "http://bnpm.byted.org/array-tree-filter/-/array-tree-filter-2.1.0.tgz",
			"integrity": "sha512-4ROwICNlNw/Hqa9v+rk5h22KjmzB1JGTMVKP2AKJBOCgb0yL0ASf0+YvCcLNNwquOHNX48jkeZIJ3a+oOQqKcw==",
			"dev": true
		},
		"async-validator": {
			"version": "4.2.5",
			"resolved": "http://bnpm.byted.org/async-validator/-/async-validator-4.2.5.tgz",
			"integrity": "sha512-7HhHjtERjqlNbZtqNqy2rckN/SpOOlmDliet+lP7k+eKZEjPk3DgyeU9lIXLdeLz0uBbbVp+9Qdow9wJWgwwfg==",
			"dev": true
		},
		"classnames": {
			"version": "2.3.1",
			"resolved": "http://bnpm.byted.org/classnames/-/classnames-2.3.1.tgz",
			"integrity": "sha512-OlQdbZ7gLfGarSqxesMesDa5uz7KFbID8Kpq/SxIoNGDqY8lSYs0D+hhtBXhcdB3rcbXArFr7vlHheLk1voeNA=="
		},
		"clipboard": {
			"version": "2.0.11",
			"resolved": "http://bnpm.byted.org/clipboard/-/clipboard-2.0.11.tgz",
			"integrity": "sha512-C+0bbOqkezLIsmWSvlsXS0Q0bmkugu7jcfMIACB+RDEntIzQIkdr148we28AfSloQLRdZlYL/QYyrq05j/3Faw==",
			"requires": {
				"good-listener": "^1.2.2",
				"select": "^1.1.2",
				"tiny-emitter": "^2.0.0"
			}
		},
		"codemirror": {
			"version": "5.65.7",
			"resolved": "http://bnpm.byted.org/codemirror/-/codemirror-5.65.7.tgz",
			"integrity": "sha512-zb67cXzgugIQmb6tfD4G11ILjYoMfTjwcjn+cWsa4GewlI2adhR/h3kolkoCQTm1msD/1BuqVTKuO09ELsS++A=="
		},
		"compute-scroll-into-view": {
			"version": "1.0.17",
			"resolved": "http://bnpm.byted.org/compute-scroll-into-view/-/compute-scroll-into-view-1.0.17.tgz",
			"integrity": "sha512-j4dx+Fb0URmzbwwMUrhqWM2BEWHdFGx+qZ9qqASHRPqvTYdqvWnHg0H1hIbcyLnvgnoNAVMlwkepyqM3DaIFUg==",
			"dev": true
		},
		"copy-to-clipboard": {
			"version": "3.3.2",
			"resolved": "http://bnpm.byted.org/copy-to-clipboard/-/copy-to-clipboard-3.3.2.tgz",
			"integrity": "sha512-Vme1Z6RUDzrb6xAI7EZlVZ5uvOk2F//GaxKUxajDqm9LhOVM1inxNAD2vy+UZDYsd0uyA9s7b3/FVZPSxqrCfg==",
			"dev": true,
			"requires": {
				"toggle-selection": "^1.0.6"
			}
		},
		"css-box-model": {
			"version": "1.2.1",
			"resolved": "http://bnpm.byted.org/css-box-model/-/css-box-model-1.2.1.tgz",
			"integrity": "sha512-a7Vr4Q/kd/aw96bnJG332W9V9LkJO69JRcaCYDUqjp6/z0w6VcZjgAcTbgFxEPfBgdnAwlh3iwu+hLopa+flJw==",
			"requires": {
				"tiny-invariant": "^1.0.6"
			}
		},
		"csstype": {
			"version": "3.1.0",
			"resolved": "http://bnpm.byted.org/csstype/-/csstype-3.1.0.tgz",
			"integrity": "sha512-uX1KG+x9h5hIJsaKR9xHUeUraxf8IODOwq9JLNPq6BwB04a/xgpq3rcx47l5BZu5zBPlgD342tdke3Hom/nJRA=="
		},
		"date-fns": {
			"version": "2.29.1",
			"resolved": "http://bnpm.byted.org/date-fns/-/date-fns-2.29.1.tgz",
			"integrity": "sha512-dlLD5rKaKxpFdnjrs+5azHDFOPEu4ANy/LTh04A1DTzMM7qoajmKCBc8pkKRFT41CNzw+4gQh79X5C+Jq27HAw==",
			"dev": true
		},
		"dayjs": {
			"version": "1.11.5",
			"resolved": "http://bnpm.byted.org/dayjs/-/dayjs-1.11.5.tgz",
			"integrity": "sha512-CAdX5Q3YW3Gclyo5Vpqkgpj8fSdLQcRuzfX6mC6Phy0nfJ0eGYOeS7m4mt2plDWLAtA4TqTakvbboHvUxfe4iA==",
			"dev": true
		},
		"delegate": {
			"version": "3.2.0",
			"resolved": "http://bnpm.byted.org/delegate/-/delegate-3.2.0.tgz",
			"integrity": "sha512-IofjkYBZaZivn0V8nnsMJGBr4jVLxHDheKSW88PyxS5QC4Vo9ZbZVvhzlSxY87fVq3STR6r+4cGepyHkcWOQSw=="
		},
		"dom-align": {
			"version": "1.12.3",
			"resolved": "http://bnpm.byted.org/dom-align/-/dom-align-1.12.3.tgz",
			"integrity": "sha512-Gj9hZN3a07cbR6zviMUBOMPdWxYhbMI+x+WS0NAIu2zFZmbK8ys9R79g+iG9qLnlCwpFoaB+fKy8Pdv470GsPA==",
			"dev": true
		},
		"good-listener": {
			"version": "1.2.2",
			"resolved": "http://bnpm.byted.org/good-listener/-/good-listener-1.2.2.tgz",
			"integrity": "sha512-goW1b+d9q/HIwbVYZzZ6SsTr4IgE+WA44A0GmPIQstuOrgsFcT7VEJ48nmr9GaRtNu0XTKacFLGnBPAM6Afouw==",
			"requires": {
				"delegate": "^3.1.2"
			}
		},
		"hoist-non-react-statics": {
			"version": "3.3.2",
			"resolved": "http://bnpm.byted.org/hoist-non-react-statics/-/hoist-non-react-statics-3.3.2.tgz",
			"integrity": "sha512-/gGivxi8JPKWNm/W0jSmzcMPpfpPLc3dY/6GxhX2hQ9iGj3aDfklV4ET7NjKpSinLpJ5vafa9iiGIEZg10SfBw==",
			"requires": {
				"react-is": "^16.7.0"
			}
		},
		"js-tokens": {
			"version": "4.0.0",
			"resolved": "http://bnpm.byted.org/js-tokens/-/js-tokens-4.0.0.tgz",
			"integrity": "sha512-RdJUflcE3cUzKiMqQgsCu06FPu9UdIJO0beYbPhHN4k6apgJtifcoCtT9bcxOpYBtpD2kCM6Sbzg4CausW/PKQ=="
		},
		"json2mq": {
			"version": "0.2.0",
			"resolved": "http://bnpm.byted.org/json2mq/-/json2mq-0.2.0.tgz",
			"integrity": "sha512-SzoRg7ux5DWTII9J2qkrZrqV1gt+rTaoufMxEzXbS26Uid0NwaJd123HcoB80TgubEppxxIGdNxCx50fEoEWQA==",
			"dev": true,
			"requires": {
				"string-convert": "^0.2.0"
			}
		},
		"lodash": {
			"version": "4.17.21",
			"resolved": "http://bnpm.byted.org/lodash/-/lodash-4.17.21.tgz",
			"integrity": "sha512-v2kDEe57lecTulaDIuNTPy3Ry4gLGJ6Z1O3vE1krgXZNrsQ+LFTGHVxVjcXPs17LhbZVGedAJv8XZ1tvj5FvSg=="
		},
		"loose-envify": {
			"version": "1.4.0",
			"resolved": "http://bnpm.byted.org/loose-envify/-/loose-envify-1.4.0.tgz",
			"integrity": "sha512-lyuxPGr/Wfhrlem2CL/UcnUc1zcqKAImBDzukY7Y5F/yQiNdko6+fRLevlw1HgMySw7f611UIY408EtxRSoK3Q==",
			"requires": {
				"js-tokens": "^3.0.0 || ^4.0.0"
			}
		},
		"markdown-it-container": {
			"version": "3.0.0",
			"resolved": "http://bnpm.byted.org/markdown-it-container/-/markdown-it-container-3.0.0.tgz",
			"integrity": "sha512-y6oKTq4BB9OQuY/KLfk/O3ysFhB3IMYoIWhGJEidXt1NQFocFK2sA2t0NYZAMyMShAGL6x5OPIbrmXPIqaN9rw=="
		},
		"memoize-one": {
			"version": "6.0.0",
			"resolved": "http://bnpm.byted.org/memoize-one/-/memoize-one-6.0.0.tgz",
			"integrity": "sha512-rkpe71W0N0c0Xz6QD0eJETuWAJGnJ9afsl1srmwPrI+yBCkge5EycXXbYRyvL29zZVUWQCY7InPRCv3GDXuZNw==",
			"dev": true
		},
		"moment": {
			"version": "2.29.4",
			"resolved": "http://bnpm.byted.org/moment/-/moment-2.29.4.tgz",
			"integrity": "sha512-5LC9SOxjSc2HF6vO2CyuTDNivEdoz2IvyJJGj6X8DJ0eFyfszE0QiEd+iXmBvUP3WHxSjFH/vIsA0EN00cgr8w==",
			"dev": true
		},
		"object-assign": {
			"version": "4.1.1",
			"resolved": "http://bnpm.byted.org/object-assign/-/object-assign-4.1.1.tgz",
			"integrity": "sha512-rJgTQnkUnH1sFw8yT6VSU3zD3sWmu6sZhIseY8VX+GRu3P6F7Fu+JNDoXfklElbLJSnc3FUQHVe4cU5hj+BcUg=="
		},
		"prop-types": {
			"version": "15.8.1",
			"resolved": "http://bnpm.byted.org/prop-types/-/prop-types-15.8.1.tgz",
			"integrity": "sha512-oj87CgZICdulUohogVAR7AjlC0327U4el4L6eAvOqCeudMDVU0NThNaV+b9Df4dXgSP1gXMTnPdhfe/2qDH5cg==",
			"requires": {
				"loose-envify": "^1.4.0",
				"object-assign": "^4.1.1",
				"react-is": "^16.13.1"
			}
		},
		"raf-schd": {
			"version": "4.0.3",
			"resolved": "http://bnpm.byted.org/raf-schd/-/raf-schd-4.0.3.tgz",
			"integrity": "sha512-tQkJl2GRWh83ui2DiPTJz9wEiMN20syf+5oKfB03yYP7ioZcJwsIK8FjrtLwH1m7C7e+Tt2yYBlrOpdT+dyeIQ=="
		},
		"rc-align": {
			"version": "4.0.12",
			"resolved": "http://bnpm.byted.org/rc-align/-/rc-align-4.0.12.tgz",
			"integrity": "sha512-3DuwSJp8iC/dgHzwreOQl52soj40LchlfUHtgACOUtwGuoFIOVh6n/sCpfqCU8kO5+iz6qR0YKvjgB8iPdE3aQ==",
			"dev": true,
			"requires": {
				"@babel/runtime": "^7.10.1",
				"classnames": "2.x",
				"dom-align": "^1.7.0",
				"lodash": "^4.17.21",
				"rc-util": "^5.3.0",
				"resize-observer-polyfill": "^1.5.1"
			}
		},
		"rc-cascader": {
			"version": "3.6.1",
			"resolved": "http://bnpm.byted.org/rc-cascader/-/rc-cascader-3.6.1.tgz",
			"integrity": "sha512-+GmN2Z0IybKT45t0Z94jkjmsOHGxAliobR2tzt05/Gw0AKBYLHX5bdvsVXR7abPnarYyYzZ/cWe8CoFgDjAFNw==",
			"dev": true,
			"requires": {
				"@babel/runtime": "^7.12.5",
				"array-tree-filter": "^2.1.0",
				"classnames": "^2.3.1",
				"rc-select": "~14.1.0",
				"rc-tree": "~5.6.3",
				"rc-util": "^5.6.1"
			}
		},
		"rc-checkbox": {
			"version": "2.3.2",
			"resolved": "http://bnpm.byted.org/rc-checkbox/-/rc-checkbox-2.3.2.tgz",
			"integrity": "sha512-afVi1FYiGv1U0JlpNH/UaEXdh6WUJjcWokj/nUN2TgG80bfG+MDdbfHKlLcNNba94mbjy2/SXJ1HDgrOkXGAjg==",
			"dev": true,
			"requires": {
				"@babel/runtime": "^7.10.1",
				"classnames": "^2.2.1"
			}
		},
		"rc-collapse": {
			"version": "3.3.1",
			"resolved": "http://bnpm.byted.org/rc-collapse/-/rc-collapse-3.3.1.tgz",
			"integrity": "sha512-cOJfcSe3R8vocrF8T+PgaHDrgeA1tX+lwfhwSj60NX9QVRidsILIbRNDLD6nAzmcvVC5PWiIRiR4S1OobxdhCg==",
			"dev": true,
			"requires": {
				"@babel/runtime": "^7.10.1",
				"classnames": "2.x",
				"rc-motion": "^2.3.4",
				"rc-util": "^5.2.1",
				"shallowequal": "^1.1.0"
			}
		},
		"rc-dialog": {
			"version": "8.9.0",
			"resolved": "http://bnpm.byted.org/rc-dialog/-/rc-dialog-8.9.0.tgz",
			"integrity": "sha512-Cp0tbJnrvPchJfnwIvOMWmJ4yjX3HWFatO6oBFD1jx8QkgsQCR0p8nUWAKdd3seLJhEC39/v56kZaEjwp9muoQ==",
			"dev": true,
			"requires": {
				"@babel/runtime": "^7.10.1",
				"classnames": "^2.2.6",
				"rc-motion": "^2.3.0",
				"rc-util": "^5.21.0"
			}
		},
		"rc-drawer": {
			"version": "5.1.0",
			"resolved": "http://bnpm.byted.org/rc-drawer/-/rc-drawer-5.1.0.tgz",
			"integrity": "sha512-pU3Tsn99pxGdYowXehzZbdDVE+4lDXSGb7p8vA9mSmr569oc2Izh4Zw5vLKSe/Xxn2p5MSNbLVqD4tz+pK6SOw==",
			"dev": true,
			"requires": {
				"@babel/runtime": "^7.10.1",
				"classnames": "^2.2.6",
				"rc-motion": "^2.6.1",
				"rc-util": "^5.21.2"
			}
		},
		"rc-dropdown": {
			"version": "4.0.1",
			"resolved": "http://bnpm.byted.org/rc-dropdown/-/rc-dropdown-4.0.1.tgz",
			"integrity": "sha512-OdpXuOcme1rm45cR0Jzgfl1otzmU4vuBVb+etXM8vcaULGokAKVpKlw8p6xzspG7jGd/XxShvq+N3VNEfk/l5g==",
			"dev": true,
			"requires": {
				"@babel/runtime": "^7.18.3",
				"classnames": "^2.2.6",
				"rc-trigger": "^5.3.1",
				"rc-util": "^5.17.0"
			}
		},
		"rc-field-form": {
			"version": "1.27.1",
			"resolved": "http://bnpm.byted.org/rc-field-form/-/rc-field-form-1.27.1.tgz",
			"integrity": "sha512-RShegnwFu6TH8tl2olCxn+B4Wyh5EiQH8c/7wucbkLNyue05YiH5gomUAg1vbZjp71yFKwegClctsEG5CNBWAA==",
			"dev": true,
			"requires": {
				"@babel/runtime": "^7.18.0",
				"async-validator": "^4.1.0",
				"rc-util": "^5.8.0"
			}
		},
		"rc-image": {
			"version": "5.7.1",
			"resolved": "http://bnpm.byted.org/rc-image/-/rc-image-5.7.1.tgz",
			"integrity": "sha512-QyMfdhoUfb5W14plqXSisaYwpdstcLYnB0MjX5ccIK2rydQM9sDPuekQWu500DDGR2dBaIF5vx9XbWkNFK17Fg==",
			"dev": true,
			"requires": {
				"@babel/runtime": "^7.11.2",
				"classnames": "^2.2.6",
				"rc-dialog": "~8.9.0",
				"rc-util": "^5.0.6"
			}
		},
		"rc-input": {
			"version": "0.0.1-alpha.7",
			"resolved": "http://bnpm.byted.org/rc-input/-/rc-input-0.0.1-alpha.7.tgz",
			"integrity": "sha512-eozaqpCYWSY5LBMwlHgC01GArkVEP+XlJ84OMvdkwUnJBSv83Yxa15pZpn7vACAj84uDC4xOA2CoFdbLuqB08Q==",
			"dev": true,
			"requires": {
				"@babel/runtime": "^7.11.1",
				"classnames": "^2.2.1",
				"rc-util": "^5.18.1"
			}
		},
		"rc-input-number": {
			"version": "7.3.6",
			"resolved": "http://bnpm.byted.org/rc-input-number/-/rc-input-number-7.3.6.tgz",
			"integrity": "sha512-Se62oMOBn9HwF/gSag+YtAYyKZsjJzEsqmyAJHAnAvPfjZJOu7dLMlQRwBbTtELbKXM/Y5Fztcq8CW2Y9f49qA==",
			"dev": true,
			"requires": {
				"@babel/runtime": "^7.10.1",
				"classnames": "^2.2.5",
				"rc-util": "^5.23.0"
			}
		},
		"rc-mentions": {
			"version": "1.9.1",
			"resolved": "http://bnpm.byted.org/rc-mentions/-/rc-mentions-1.9.1.tgz",
			"integrity": "sha512-6VBaEkJjYdGGxAygQvE2NaIegAzLJSDodgzpoV+vonUUCZ4A/d8izVlc2JqCYa0Yi15HiDcWyfRgJYI7OKTILg==",
			"dev": true,
			"requires": {
				"@babel/runtime": "^7.10.1",
				"classnames": "^2.2.6",
				"rc-menu": "~9.6.0",
				"rc-textarea": "^0.3.0",
				"rc-trigger": "^5.0.4",
				"rc-util": "^5.22.5"
			}
		},
		"rc-menu": {
			"version": "9.6.2",
			"resolved": "http://bnpm.byted.org/rc-menu/-/rc-menu-9.6.2.tgz",
			"integrity": "sha512-sSobfm30OAw6XfVaj+rEkBfalLxbZ3uOsB876MCG6NmwXQGSKRv+arTBnJnJqAmCGh2dMyb/Jf9kTCMpII6RTg==",
			"dev": true,
			"requires": {
				"@babel/runtime": "^7.10.1",
				"classnames": "2.x",
				"rc-motion": "^2.4.3",
				"rc-overflow": "^1.2.0",
				"rc-trigger": "^5.1.2",
				"rc-util": "^5.12.0",
				"shallowequal": "^1.1.0"
			}
		},
		"rc-motion": {
			"version": "2.6.2",
			"resolved": "http://bnpm.byted.org/rc-motion/-/rc-motion-2.6.2.tgz",
			"integrity": "sha512-4w1FaX3dtV749P8GwfS4fYnFG4Rb9pxvCYPc/b2fw1cmlHJWNNgOFIz7ysiD+eOrzJSvnLJWlNQQncpNMXwwpg==",
			"dev": true,
			"requires": {
				"@babel/runtime": "^7.11.1",
				"classnames": "^2.2.1",
				"rc-util": "^5.21.0"
			}
		},
		"rc-notification": {
			"version": "4.6.0",
			"resolved": "http://bnpm.byted.org/rc-notification/-/rc-notification-4.6.0.tgz",
			"integrity": "sha512-xF3MKgIoynzjQAO4lqsoraiFo3UXNYlBfpHs0VWvwF+4pimen9/H1DYLN2mfRWhHovW6gRpla73m2nmyIqAMZQ==",
			"dev": true,
			"requires": {
				"@babel/runtime": "^7.10.1",
				"classnames": "2.x",
				"rc-motion": "^2.2.0",
				"rc-util": "^5.20.1"
			}
		},
		"rc-overflow": {
			"version": "1.2.8",
			"resolved": "http://bnpm.byted.org/rc-overflow/-/rc-overflow-1.2.8.tgz",
			"integrity": "sha512-QJ0UItckWPQ37ZL1dMEBAdY1dhfTXFL9k6oTTcyydVwoUNMnMqCGqnRNA98axSr/OeDKqR6DVFyi8eA5RQI/uQ==",
			"dev": true,
			"requires": {
				"@babel/runtime": "^7.11.1",
				"classnames": "^2.2.1",
				"rc-resize-observer": "^1.0.0",
				"rc-util": "^5.19.2"
			}
		},
		"rc-pagination": {
			"version": "3.1.17",
			"resolved": "http://bnpm.byted.org/rc-pagination/-/rc-pagination-3.1.17.tgz",
			"integrity": "sha512-/BQ5UxcBnW28vFAcP2hfh+Xg15W0QZn8TWYwdCApchMH1H0CxiaUUcULP8uXcFM1TygcdKWdt3JqsL9cTAfdkQ==",
			"dev": true,
			"requires": {
				"@babel/runtime": "^7.10.1",
				"classnames": "^2.2.1"
			}
		},
		"rc-picker": {
			"version": "2.6.10",
			"resolved": "http://bnpm.byted.org/rc-picker/-/rc-picker-2.6.10.tgz",
			"integrity": "sha512-9wYtw0DFWs9FO92Qh2D76P0iojUr8ZhLOtScUeOit6ks/F+TBLrOC1uze3IOu+u9gbDAjmosNWLKbBzx/Yuv2w==",
			"dev": true,
			"requires": {
				"@babel/runtime": "^7.10.1",
				"classnames": "^2.2.1",
				"date-fns": "2.x",
				"dayjs": "1.x",
				"moment": "^2.24.0",
				"rc-trigger": "^5.0.4",
				"rc-util": "^5.4.0",
				"shallowequal": "^1.1.0"
			}
		},
		"rc-progress": {
			"version": "3.3.3",
			"resolved": "http://bnpm.byted.org/rc-progress/-/rc-progress-3.3.3.tgz",
			"integrity": "sha512-MDVNVHzGanYtRy2KKraEaWeZLri2ZHWIRyaE1a9MQ2MuJ09m+Wxj5cfcaoaR6z5iRpHpA59YeUxAlpML8N4PJw==",
			"dev": true,
			"requires": {
				"@babel/runtime": "^7.10.1",
				"classnames": "^2.2.6",
				"rc-util": "^5.16.1"
			}
		},
		"rc-rate": {
			"version": "2.9.2",
			"resolved": "http://bnpm.byted.org/rc-rate/-/rc-rate-2.9.2.tgz",
			"integrity": "sha512-SaiZFyN8pe0Fgphv8t3+kidlej+cq/EALkAJAc3A0w0XcPaH2L1aggM8bhe1u6GAGuQNAoFvTLjw4qLPGRKV5g==",
			"dev": true,
			"requires": {
				"@babel/runtime": "^7.10.1",
				"classnames": "^2.2.5",
				"rc-util": "^5.0.1"
			}
		},
		"rc-resize-observer": {
			"version": "1.2.0",
			"resolved": "http://bnpm.byted.org/rc-resize-observer/-/rc-resize-observer-1.2.0.tgz",
			"integrity": "sha512-6W+UzT3PyDM0wVCEHfoW3qTHPTvbdSgiA43buiy8PzmeMnfgnDeb9NjdimMXMl3/TcrvvWl5RRVdp+NqcR47pQ==",
			"dev": true,
			"requires": {
				"@babel/runtime": "^7.10.1",
				"classnames": "^2.2.1",
				"rc-util": "^5.15.0",
				"resize-observer-polyfill": "^1.5.1"
			}
		},
		"rc-segmented": {
			"version": "2.1.0",
			"resolved": "http://bnpm.byted.org/rc-segmented/-/rc-segmented-2.1.0.tgz",
			"integrity": "sha512-hUlonro+pYoZcwrH6Vm56B2ftLfQh046hrwif/VwLIw1j3zGt52p5mREBwmeVzXnSwgnagpOpfafspzs1asjGw==",
			"dev": true,
			"requires": {
				"@babel/runtime": "^7.11.1",
				"classnames": "^2.2.1",
				"rc-motion": "^2.4.4",
				"rc-util": "^5.17.0"
			}
		},
		"rc-select": {
			"version": "14.1.9",
			"resolved": "http://bnpm.byted.org/rc-select/-/rc-select-14.1.9.tgz",
			"integrity": "sha512-DK01+Q7oCWr5jVPiEp/BTQ8xCB4rI4LfXzZtSmBWJhOMuibyZD1Vlz/DlVKCUFmtBM4SzG4/SltGHoGlcbCqiw==",
			"dev": true,
			"requires": {
				"@babel/runtime": "^7.10.1",
				"classnames": "2.x",
				"rc-motion": "^2.0.1",
				"rc-overflow": "^1.0.0",
				"rc-trigger": "^5.0.4",
				"rc-util": "^5.16.1",
				"rc-virtual-list": "^3.2.0"
			}
		},
		"rc-slider": {
			"version": "10.0.1",
			"resolved": "http://bnpm.byted.org/rc-slider/-/rc-slider-10.0.1.tgz",
			"integrity": "sha512-igTKF3zBet7oS/3yNiIlmU8KnZ45npmrmHlUUio8PNbIhzMcsh+oE/r2UD42Y6YD2D/s+kzCQkzQrPD6RY435Q==",
			"dev": true,
			"requires": {
				"@babel/runtime": "^7.10.1",
				"classnames": "^2.2.5",
				"rc-util": "^5.18.1",
				"shallowequal": "^1.1.0"
			}
		},
		"rc-steps": {
			"version": "4.1.4",
			"resolved": "http://bnpm.byted.org/rc-steps/-/rc-steps-4.1.4.tgz",
			"integrity": "sha512-qoCqKZWSpkh/b03ASGx1WhpKnuZcRWmvuW+ZUu4mvMdfvFzVxblTwUM+9aBd0mlEUFmt6GW8FXhMpHkK3Uzp3w==",
			"dev": true,
			"requires": {
				"@babel/runtime": "^7.10.2",
				"classnames": "^2.2.3",
				"rc-util": "^5.0.1"
			}
		},
		"rc-switch": {
			"version": "3.2.2",
			"resolved": "http://bnpm.byted.org/rc-switch/-/rc-switch-3.2.2.tgz",
			"integrity": "sha512-+gUJClsZZzvAHGy1vZfnwySxj+MjLlGRyXKXScrtCTcmiYNPzxDFOxdQ/3pK1Kt/0POvwJ/6ALOR8gwdXGhs+A==",
			"dev": true,
			"requires": {
				"@babel/runtime": "^7.10.1",
				"classnames": "^2.2.1",
				"rc-util": "^5.0.1"
			}
		},
		"rc-table": {
			"version": "7.25.3",
			"resolved": "http://bnpm.byted.org/rc-table/-/rc-table-7.25.3.tgz",
			"integrity": "sha512-McsLJ2rg8EEpRBRYN4Pf9gT7ZNYnjvF9zrBpUBBbUX/fxk+eGi5ff1iPIhMyiHsH71/BmTUzX9nc9XqupD0nMg==",
			"dev": true,
			"requires": {
				"@babel/runtime": "^7.10.1",
				"classnames": "^2.2.5",
				"rc-resize-observer": "^1.1.0",
				"rc-util": "^5.22.5",
				"shallowequal": "^1.1.0"
			}
		},
		"rc-tabs": {
			"version": "11.16.1",
			"resolved": "http://bnpm.byted.org/rc-tabs/-/rc-tabs-11.16.1.tgz",
			"integrity": "sha512-bR7Dap23YyfzZQwtKomhiFEFzZuE7WaKWo+ypNRSGB9PDKSc6tM12VP8LWYkvmmQHthgwP0WRN8nFbSJWuqLYw==",
			"dev": true,
			"requires": {
				"@babel/runtime": "^7.11.2",
				"classnames": "2.x",
				"rc-dropdown": "~4.0.0",
				"rc-menu": "~9.6.0",
				"rc-resize-observer": "^1.0.0",
				"rc-util": "^5.5.0"
			}
		},
		"rc-textarea": {
			"version": "0.3.7",
			"resolved": "http://bnpm.byted.org/rc-textarea/-/rc-textarea-0.3.7.tgz",
			"integrity": "sha512-yCdZ6binKmAQB13hc/oehh0E/QRwoPP1pjF21aHBxlgXO3RzPF6dUu4LG2R4FZ1zx/fQd2L1faktulrXOM/2rw==",
			"dev": true,
			"requires": {
				"@babel/runtime": "^7.10.1",
				"classnames": "^2.2.1",
				"rc-resize-observer": "^1.0.0",
				"rc-util": "^5.7.0",
				"shallowequal": "^1.1.0"
			}
		},
		"rc-tooltip": {
			"version": "5.2.2",
			"resolved": "http://bnpm.byted.org/rc-tooltip/-/rc-tooltip-5.2.2.tgz",
			"integrity": "sha512-jtQzU/18S6EI3lhSGoDYhPqNpWajMtS5VV/ld1LwyfrDByQpYmw/LW6U7oFXXLukjfDHQ7Ju705A82PRNFWYhg==",
			"dev": true,
			"requires": {
				"@babel/runtime": "^7.11.2",
				"classnames": "^2.3.1",
				"rc-trigger": "^5.0.0"
			}
		},
		"rc-tree": {
			"version": "5.6.6",
			"resolved": "http://bnpm.byted.org/rc-tree/-/rc-tree-5.6.6.tgz",
			"integrity": "sha512-HI/q4D4AHOp48OZcBUvJFWkI5OfnZivvGYI0xzI0dy0Mita2KcTGZv7/Yl6Aq3bL3od3x5AqAXq/7qxR3x4Kkg==",
			"dev": true,
			"requires": {
				"@babel/runtime": "^7.10.1",
				"classnames": "2.x",
				"rc-motion": "^2.0.1",
				"rc-util": "^5.16.1",
				"rc-virtual-list": "^3.4.8"
			}
		},
		"rc-tree-select": {
			"version": "5.4.0",
			"resolved": "http://bnpm.byted.org/rc-tree-select/-/rc-tree-select-5.4.0.tgz",
			"integrity": "sha512-reRbOqC7Ic/nQocJAJeCl4n6nJUY3NoqiwRXKvhjgZJU7NGr9vIccXEsY+Lghkw5UMpPoxGsIJB0jiAvM18XYA==",
			"dev": true,
			"requires": {
				"@babel/runtime": "^7.10.1",
				"classnames": "2.x",
				"rc-select": "~14.1.0",
				"rc-tree": "~5.6.1",
				"rc-util": "^5.16.1"
			}
		},
		"rc-trigger": {
			"version": "5.3.1",
			"resolved": "http://bnpm.byted.org/rc-trigger/-/rc-trigger-5.3.1.tgz",
			"integrity": "sha512-5gaFbDkYSefZ14j2AdzucXzlWgU2ri5uEjkHvsf1ynRhdJbKxNOnw4PBZ9+FVULNGFiDzzlVF8RJnR9P/xrnKQ==",
			"dev": true,
			"requires": {
				"@babel/runtime": "^7.18.3",
				"classnames": "^2.2.6",
				"rc-align": "^4.0.0",
				"rc-motion": "^2.0.0",
				"rc-util": "^5.19.2"
			}
		},
		"rc-upload": {
			"version": "4.3.4",
			"resolved": "http://bnpm.byted.org/rc-upload/-/rc-upload-4.3.4.tgz",
			"integrity": "sha512-uVbtHFGNjHG/RyAfm9fluXB6pvArAGyAx8z7XzXXyorEgVIWj6mOlriuDm0XowDHYz4ycNK0nE0oP3cbFnzxiQ==",
			"dev": true,
			"requires": {
				"@babel/runtime": "^7.18.3",
				"classnames": "^2.2.5",
				"rc-util": "^5.2.0"
			}
		},
		"rc-util": {
			"version": "5.23.0",
			"resolved": "http://bnpm.byted.org/rc-util/-/rc-util-5.23.0.tgz",
			"integrity": "sha512-lgm6diJ/pLgyfoZY59Vz7sW4mSoQCgozqbBye9IJ7/mb5w5h4T7h+i2JpXAx/UBQxscBZe68q0sP7EW+qfkKUg==",
			"dev": true,
			"requires": {
				"@babel/runtime": "^7.18.3",
				"react-is": "^16.12.0",
				"shallowequal": "^1.1.0"
			}
		},
		"rc-virtual-list": {
			"version": "3.4.8",
			"resolved": "http://bnpm.byted.org/rc-virtual-list/-/rc-virtual-list-3.4.8.tgz",
			"integrity": "sha512-qSN+Rv4i/E7RCTvTMr1uZo7f3crJJg/5DekoCagydo9zsXrxj07zsFSxqizqW+ldGA16lwa8So/bIbV9Ofjddg==",
			"dev": true,
			"requires": {
				"classnames": "^2.2.6",
				"rc-resize-observer": "^1.0.0",
				"rc-util": "^5.15.0"
			}
		},
		"react": {
			"version": "17.0.2",
			"resolved": "http://bnpm.byted.org/react/-/react-17.0.2.tgz",
			"integrity": "sha512-gnhPt75i/dq/z3/6q/0asP78D0u592D5L1pd7M8P+dck6Fu/jJeL6iVVK23fptSUZj8Vjf++7wXA8UNclGQcbA==",
			"dev": true,
			"requires": {
				"loose-envify": "^1.1.0",
				"object-assign": "^4.1.1"
			}
		},
		"react-beautiful-dnd": {
			"version": "13.1.0",
			"resolved": "http://bnpm.byted.org/react-beautiful-dnd/-/react-beautiful-dnd-13.1.0.tgz",
			"integrity": "sha512-aGvblPZTJowOWUNiwd6tNfEpgkX5OxmpqxHKNW/4VmvZTNTbeiq7bA3bn5T+QSF2uibXB0D1DmJsb1aC/+3cUA==",
			"requires": {
				"@babel/runtime": "^7.9.2",
				"css-box-model": "^1.2.0",
				"memoize-one": "^5.1.1",
				"raf-schd": "^4.0.2",
				"react-redux": "^7.2.0",
				"redux": "^4.0.4",
				"use-memo-one": "^1.1.1"
			},
			"dependencies": {
				"memoize-one": {
					"version": "5.2.1",
					"resolved": "http://bnpm.byted.org/memoize-one/-/memoize-one-5.2.1.tgz",
					"integrity": "sha512-zYiwtZUcYyXKo/np96AGZAckk+FWWsUdJ3cHGGmld7+AhvcWmQyGCYUh1hc4Q/pkOhb65dQR/pqCyK0cOaHz4Q=="
				}
			}
		},
		"react-dom": {
			"version": "17.0.2",
			"resolved": "http://bnpm.byted.org/react-dom/-/react-dom-17.0.2.tgz",
			"integrity": "sha512-s4h96KtLDUQlsENhMn1ar8t2bEa+q/YAtj8pPPdIjPDGBDIVNsrD9aXNWqspUe6AzKCIG0C1HZZLqLV7qpOBGA==",
			"dev": true,
			"requires": {
				"loose-envify": "^1.1.0",
				"object-assign": "^4.1.1",
				"scheduler": "^0.20.2"
			}
		},
		"react-is": {
			"version": "16.13.1",
			"resolved": "http://bnpm.byted.org/react-is/-/react-is-16.13.1.tgz",
			"integrity": "sha512-24e6ynE2H+OKt4kqsOvNd8kBpV65zoxbA4BVsEOB3ARVWQki/DHzaUoC5KuON/BiccDaCCTZBuOcfZs70kR8bQ=="
		},
		"react-redux": {
			"version": "7.2.8",
			"resolved": "http://bnpm.byted.org/react-redux/-/react-redux-7.2.8.tgz",
			"integrity": "sha512-6+uDjhs3PSIclqoCk0kd6iX74gzrGc3W5zcAjbrFgEdIjRSQObdIwfx80unTkVUYvbQ95Y8Av3OvFHq1w5EOUw==",
			"requires": {
				"@babel/runtime": "^7.15.4",
				"@types/react-redux": "^7.1.20",
				"hoist-non-react-statics": "^3.3.2",
				"loose-envify": "^1.4.0",
				"prop-types": "^15.7.2",
				"react-is": "^17.0.2"
			},
			"dependencies": {
				"react-is": {
					"version": "17.0.2",
					"resolved": "http://bnpm.byted.org/react-is/-/react-is-17.0.2.tgz",
					"integrity": "sha512-w2GsyukL62IJnlaff/nRegPQR94C/XXamvMWmSHRJ4y7Ts/4ocGRmTHvOs8PSE6pB3dWOrD/nueuU5sduBsQ4w=="
				}
			}
		},
		"redux": {
			"version": "4.2.0",
			"resolved": "http://bnpm.byted.org/redux/-/redux-4.2.0.tgz",
			"integrity": "sha512-oSBmcKKIuIR4ME29/AeNUnl5L+hvBq7OaJWzaptTQJAntaPvxIJqfnjbaEiCzzaIz+XmVILfqAM3Ob0aXLPfjA==",
			"requires": {
				"@babel/runtime": "^7.9.2"
			}
		},
		"regenerator-runtime": {
			"version": "0.13.9",
			"resolved": "http://bnpm.byted.org/regenerator-runtime/-/regenerator-runtime-0.13.9.tgz",
			"integrity": "sha512-p3VT+cOEgxFsRRA9X4lkI1E+k2/CtnKtU4gcxyaCUreilL/vqI6CdZ3wxVUx3UOUg+gnUOQQcRI7BmSI656MYA=="
		},
		"resize-observer-polyfill": {
			"version": "1.5.1",
			"resolved": "http://bnpm.byted.org/resize-observer-polyfill/-/resize-observer-polyfill-1.5.1.tgz",
			"integrity": "sha512-LwZrotdHOo12nQuZlHEmtuXdqGoOD0OhaxopaNFxWzInpEgaLWoVuAMbTzixuosCx2nEG58ngzW3vxdWoxIgdg==",
			"dev": true
		},
		"scheduler": {
			"version": "0.20.2",
			"resolved": "http://bnpm.byted.org/scheduler/-/scheduler-0.20.2.tgz",
			"integrity": "sha512-2eWfGgAqqWFGqtdMmcL5zCMK1U8KlXv8SQFGglL3CEtd0aDVDWgeF/YoCmvln55m5zSk3J/20hTaSBeSObsQDQ==",
			"dev": true,
			"requires": {
				"loose-envify": "^1.1.0",
				"object-assign": "^4.1.1"
			}
		},
		"scroll-into-view-if-needed": {
			"version": "2.2.29",
			"resolved": "http://bnpm.byted.org/scroll-into-view-if-needed/-/scroll-into-view-if-needed-2.2.29.tgz",
			"integrity": "sha512-hxpAR6AN+Gh53AdAimHM6C8oTN1ppwVZITihix+WqalywBeFcQ6LdQP5ABNl26nX8GTEL7VT+b8lKpdqq65wXg==",
			"dev": true,
			"requires": {
				"compute-scroll-into-view": "^1.0.17"
			}
		},
		"select": {
			"version": "1.1.2",
			"resolved": "http://bnpm.byted.org/select/-/select-1.1.2.tgz",
			"integrity": "sha512-OwpTSOfy6xSs1+pwcNrv0RBMOzI39Lp3qQKUTPVVPRjCdNa5JH/oPRiqsesIskK8TVgmRiHwO4KXlV2Li9dANA=="
		},
		"shallowequal": {
			"version": "1.1.0",
			"resolved": "http://bnpm.byted.org/shallowequal/-/shallowequal-1.1.0.tgz",
			"integrity": "sha512-y0m1JoUZSlPAjXVtPPW70aZWfIL/dSP7AFkRnniLCrK/8MDKog3TySTBmckD+RObVxH0v4Tox67+F14PdED2oQ==",
			"dev": true
		},
		"string-convert": {
			"version": "0.2.1",
			"resolved": "http://bnpm.byted.org/string-convert/-/string-convert-0.2.1.tgz",
			"integrity": "sha512-u/1tdPl4yQnPBjnVrmdLo9gtuLvELKsAoRapekWggdiQNvvvum+jYF329d84NAa660KQw7pB2n36KrIKVoXa3A==",
			"dev": true
		},
		"tiny-emitter": {
			"version": "2.1.0",
			"resolved": "http://bnpm.byted.org/tiny-emitter/-/tiny-emitter-2.1.0.tgz",
			"integrity": "sha512-NB6Dk1A9xgQPMoGqC5CVXn123gWyte215ONT5Pp5a0yt4nlEoO1ZWeCwpncaekPHXO60i47ihFnZPiRPjRMq4Q=="
		},
		"tiny-invariant": {
			"version": "1.2.0",
			"resolved": "http://bnpm.byted.org/tiny-invariant/-/tiny-invariant-1.2.0.tgz",
			"integrity": "sha512-1Uhn/aqw5C6RI4KejVeTg6mIS7IqxnLJ8Mv2tV5rTc0qWobay7pDUz6Wi392Cnc8ak1H0F2cjoRzb2/AW4+Fvg=="
		},
		"toggle-selection": {
			"version": "1.0.6",
			"resolved": "http://bnpm.byted.org/toggle-selection/-/toggle-selection-1.0.6.tgz",
			"integrity": "sha512-BiZS+C1OS8g/q2RRbJmy59xpyghNBqrr6k5L/uKBGRsTfxmu3ffiRnd8mlGPUVayg8pvfi5urfnu8TU7DVOkLQ==",
			"dev": true
		},
		"use-memo-one": {
			"version": "1.1.2",
			"resolved": "http://bnpm.byted.org/use-memo-one/-/use-memo-one-1.1.2.tgz",
			"integrity": "sha512-u2qFKtxLsia/r8qG0ZKkbytbztzRb317XCkT7yP8wxL0tZ/CzK2G+WWie5vWvpyeP7+YoPIwbJoIHJ4Ba4k0oQ=="
		}
	}
}
